// !$*UTF8*$!
{
	archiveVersion = 1;
	classes = {
	};
	objectVersion = 46;
	objects = {

/* Begin PBXBuildFile section */
		C96072311BE9D7BD002E99D4 /* main.cpp in Sources */ = {isa = PBXBuildFile; fileRef = C96072301BE9D7BD002E99D4 /* main.cpp */; };
		C96072381BE9D7E6002E99D4 /* GLUT.framework in Frameworks */ = {isa = PBXBuildFile; fileRef = C96072371BE9D7E6002E99D4 /* GLUT.framework */; };
		C960723A1BE9D7EC002E99D4 /* OpenGL.framework in Frameworks */ = {isa = PBXBuildFile; fileRef = C96072391BE9D7EC002E99D4 /* OpenGL.framework */; };
/* End PBXBuildFile section */

/* Begin PBXCopyFilesBuildPhase section */
		C960722B1BE9D7BD002E99D4 /* CopyFiles */ = {
			isa = PBXCopyFilesBuildPhase;
			buildActionMask = 2147483647;
			dstPath = /usr/share/man/man1/;
			dstSubfolderSpec = 0;
			files = (
			);
			runOnlyForDeploymentPostprocessing = 1;
		};
/* End PBXCopyFilesBuildPhase section */

/* Begin PBXFileReference section */
		C960722D1BE9D7BD002E99D4 /* Subdivision */ = {isa = PBXFileReference; explicitFileType = "compiled.mach-o.executable"; includeInIndex = 0; path = Subdivision; sourceTree = BUILT_PRODUCTS_DIR; };
		C96072301BE9D7BD002E99D4 /* main.cpp */ = {isa = PBXFileReference; lastKnownFileType = sourcecode.cpp.cpp; path = main.cpp; sourceTree = "<group>"; };
		C96072371BE9D7E6002E99D4 /* GLUT.framework */ = {isa = PBXFileReference; lastKnownFileType = wrapper.framework; name = GLUT.framework; path = System/Library/Frameworks/GLUT.framework; sourceTree = SDKROOT; };
		C96072391BE9D7EC002E99D4 /* OpenGL.framework */ = {isa = PBXFileReference; lastKnownFileType = wrapper.framework; name = OpenGL.framework; path = System/Library/Frameworks/OpenGL.framework; sourceTree = SDKROOT; };
		C9D072281BF023F400F35DF0 /* fileio.h */ = {isa = PBXFileReference; lastKnownFileType = sourcecode.c.h; path = fileio.h; sourceTree = "<group>"; };
		C9D072321BF0B97F00F35DF0 /* manifold.h */ = {isa = PBXFileReference; lastKnownFileType = sourcecode.c.h; path = manifold.h; sourceTree = "<group>"; };
		C9D072351BF0BDDD00F35DF0 /* bunny.obj */ = {isa = PBXFileReference; lastKnownFileType = text; path = bunny.obj; sourceTree = "<group>"; };
		C9D072361BF0BDDD00F35DF0 /* cube3.obj */ = {isa = PBXFileReference; lastKnownFileType = text; path = cube3.obj; sourceTree = "<group>"; };
		C9D072371BF0BDDD00F35DF0 /* knot.obj */ = {isa = PBXFileReference; lastKnownFileType = text; path = knot.obj; sourceTree = "<group>"; };
		C9D072381BF0BDDD00F35DF0 /* monsterfrog.obj */ = {isa = PBXFileReference; lastKnownFileType = text; path = monsterfrog.obj; sourceTree = "<group>"; };
		C9D072391BF0C69800F35DF0 /* halfedge.h */ = {isa = PBXFileReference; lastKnownFileType = sourcecode.c.h; path = halfedge.h; sourceTree = "<group>"; };
/* End PBXFileReference section */

/* Begin PBXFrameworksBuildPhase section */
		C960722A1BE9D7BD002E99D4 /* Frameworks */ = {
			isa = PBXFrameworksBuildPhase;
			buildActionMask = 2147483647;
			files = (
				C960723A1BE9D7EC002E99D4 /* OpenGL.framework in Frameworks */,
				C96072381BE9D7E6002E99D4 /* GLUT.framework in Frameworks */,
			);
			runOnlyForDeploymentPostprocessing = 0;
		};
/* End PBXFrameworksBuildPhase section */

/* Begin PBXGroup section */
		C96072241BE9D7BD002E99D4 = {
			isa = PBXGroup;
			children = (
				C96072391BE9D7EC002E99D4 /* OpenGL.framework */,
				C96072371BE9D7E6002E99D4 /* GLUT.framework */,
				C960722F1BE9D7BD002E99D4 /* Subdivision */,
				C960722E1BE9D7BD002E99D4 /* Products */,
				C9D0722C1BF050D900F35DF0 /* Obj files */,
			);
			sourceTree = "<group>";
		};
		C960722E1BE9D7BD002E99D4 /* Products */ = {
			isa = PBXGroup;
			children = (
				C960722D1BE9D7BD002E99D4 /* Subdivision */,
			);
			name = Products;
			sourceTree = "<group>";
		};
		C960722F1BE9D7BD002E99D4 /* Subdivision */ = {
			isa = PBXGroup;
			children = (
				C9D072391BF0C69800F35DF0 /* halfedge.h */,
				C9D072321BF0B97F00F35DF0 /* manifold.h */,
				C9D072281BF023F400F35DF0 /* fileio.h */,
				C96072301BE9D7BD002E99D4 /* main.cpp */,
			);
			path = Subdivision;
			sourceTree = "<group>";
		};
		C9D0722C1BF050D900F35DF0 /* Obj files */ = {
			isa = PBXGroup;
			children = (
				C9D072351BF0BDDD00F35DF0 /* bunny.obj */,
				C9D072361BF0BDDD00F35DF0 /* cube3.obj */,
				C9D072371BF0BDDD00F35DF0 /* knot.obj */,
				C9D072381BF0BDDD00F35DF0 /* monsterfrog.obj */,
			);
			name = "Obj files";
			sourceTree = "<group>";
		};
/* End PBXGroup section */

/* Begin PBXNativeTarget section */
		C960722C1BE9D7BD002E99D4 /* Subdivision */ = {
			isa = PBXNativeTarget;
			buildConfigurationList = C96072341BE9D7BD002E99D4 /* Build configuration list for PBXNativeTarget "Subdivision" */;
			buildPhases = (
				C96072291BE9D7BD002E99D4 /* Sources */,
				C960722A1BE9D7BD002E99D4 /* Frameworks */,
				C960722B1BE9D7BD002E99D4 /* CopyFiles */,
			);
			buildRules = (
			);
			dependencies = (
			);
			name = Subdivision;
			productName = Subdivision;
			productReference = C960722D1BE9D7BD002E99D4 /* Subdivision */;
			productType = "com.apple.product-type.tool";
		};
/* End PBXNativeTarget section */

/* Begin PBXProject section */
		C96072251BE9D7BD002E99D4 /* Project object */ = {
			isa = PBXProject;
			attributes = {
				LastUpgradeCheck = 0710;
				ORGANIZATIONNAME = "Matthew Dillard";
				TargetAttributes = {
					C960722C1BE9D7BD002E99D4 = {
						CreatedOnToolsVersion = 7.1;
					};
				};
			};
			buildConfigurationList = C96072281BE9D7BD002E99D4 /* Build configuration list for PBXProject "Subdivision" */;
			compatibilityVersion = "Xcode 3.2";
			developmentRegion = English;
			hasScannedForEncodings = 0;
			knownRegions = (
				en,
			);
			mainGroup = C96072241BE9D7BD002E99D4;
			productRefGroup = C960722E1BE9D7BD002E99D4 /* Products */;
			projectDirPath = "";
			projectRoot = "";
			targets = (
				C960722C1BE9D7BD002E99D4 /* Subdivision */,
			);
		};
/* End PBXProject section */

/* Begin PBXSourcesBuildPhase section */
		C96072291BE9D7BD002E99D4 /* Sources */ = {
			isa = PBXSourcesBuildPhase;
			buildActionMask = 2147483647;
			files = (
				C96072311BE9D7BD002E99D4 /* main.cpp in Sources */,
			);
			runOnlyForDeploymentPostprocessing = 0;
		};
/* End PBXSourcesBuildPhase section */

/* Begin XCBuildConfiguration section */
		C96072321BE9D7BD002E99D4 /* Debug */ = {
			isa = XCBuildConfiguration;
			buildSettings = {
				ALWAYS_SEARCH_USER_PATHS = NO;
				CLANG_CXX_LANGUAGE_STANDARD = "gnu++0x";
				CLANG_CXX_LIBRARY = "libc++";
				CLANG_ENABLE_MODULES = YES;
				CLANG_ENABLE_OBJC_ARC = YES;
				CLANG_WARN_BOOL_CONVERSION = YES;
				CLANG_WARN_CONSTANT_CONVERSION = YES;
				CLANG_WARN_DIRECT_OBJC_ISA_USAGE = YES_ERROR;
				CLANG_WARN_EMPTY_BODY = YES;
				CLANG_WARN_ENUM_CONVERSION = YES;
				CLANG_WARN_INT_CONVERSION = YES;
				CLANG_WARN_OBJC_ROOT_CLASS = YES_ERROR;
				CLANG_WARN_UNREACHABLE_CODE = YES;
				CLANG_WARN__DUPLICATE_METHOD_MATCH = YES;
				CODE_SIGN_IDENTITY = "-";
				COPY_PHASE_STRIP = NO;
				DEBUG_INFORMATION_FORMAT = dwarf;
				ENABLE_STRICT_OBJC_MSGSEND = YES;
				ENABLE_TESTABILITY = YES;
				GCC_C_LANGUAGE_STANDARD = gnu99;
				GCC_DYNAMIC_NO_PIC = NO;
				GCC_NO_COMMON_BLOCKS = YES;
				GCC_OPTIMIZATION_LEVEL = 0;
				GCC_PREPROCESSOR_DEFINITIONS = (
					"DEBUG=1",
					"$(inherited)",
				);
				GCC_WARN_64_TO_32_BIT_CONVERSION = YES;
				GCC_WARN_ABOUT_RETURN_TYPE = YES_ERROR;
				GCC_WARN_UNDECLARED_SELECTOR = YES;
				GCC_WARN_UNINITIALIZED_AUTOS = YES_AGGRESSIVE;
				GCC_WARN_UNUSED_FUNCTION = YES;
				GCC_WARN_UNUSED_VARIABLE = YES;
				MACOSX_DEPLOYMENT_TARGET = 10.11;
				MTL_ENABLE_DEBUG_INFO = YES;
				ONLY_ACTIVE_ARCH = YES;
				SDKROOT = macosx;
			};
			name = Debug;
		};
		C96072331BE9D7BD002E99D4 /* Release */ = {
			isa = XCBuildConfiguration;
			buildSettings = {
				ALWAYS_SEARCH_USER_PATHS = NO;
				CLANG_CXX_LANGUAGE_STANDARD = "gnu++0x";
				CLANG_CXX_LIBRARY = "libc++";
				CLANG_ENABLE_MODULES = YES;
				CLANG_ENABLE_OBJC_ARC = YES;
				CLANG_WARN_BOOL_CONVERSION = YES;
				CLANG_WARN_CONSTANT_CONVERSION = YES;
				CLANG_WARN_DIRECT_OBJC_ISA_USAGE = YES_ERROR;
				CLANG_WARN_EMPTY_BODY = YES;
				CLANG_WARN_ENUM_CONVERSION = YES;
				CLANG_WARN_INT_CONVERSION = YES;
				CLANG_WARN_OBJC_ROOT_CLASS = YES_ERROR;
				CLANG_WARN_UNREACHABLE_CODE = YES;
				CLANG_WARN__DUPLICATE_METHOD_MATCH = YES;
				CODE_SIGN_IDENTITY = "-";
				COPY_PHASE_STRIP = NO;
				DEBUG_INFORMATION_FORMAT = "dwarf-with-dsym";
				ENABLE_NS_ASSERTIONS = NO;
				ENABLE_STRICT_OBJC_MSGSEND = YES;
				GCC_C_LANGUAGE_STANDARD = gnu99;
				GCC_NO_COMMON_BLOCKS = YES;
				GCC_WARN_64_TO_32_BIT_CONVERSION = YES;
				GCC_WARN_ABOUT_RETURN_TYPE = YES_ERROR;
				GCC_WARN_UNDECLARED_SELECTOR = YES;
				GCC_WARN_UNINITIALIZED_AUTOS = YES_AGGRESSIVE;
				GCC_WARN_UNUSED_FUNCTION = YES;
				GCC_WARN_UNUSED_VARIABLE = YES;
				MACOSX_DEPLOYMENT_TARGET = 10.11;
				MTL_ENABLE_DEBUG_INFO = NO;
				SDKROOT = macosx;
			};
			name = Release;
		};
		C96072351BE9D7BD002E99D4 /* Debug */ = {
			isa = XCBuildConfiguration;
			buildSettings = {
				PRODUCT_NAME = "$(TARGET_NAME)";
			};
			name = Debug;
		};
		C96072361BE9D7BD002E99D4 /* Release */ = {
			isa = XCBuildConfiguration;
			buildSettings = {
				PRODUCT_NAME = "$(TARGET_NAME)";
			};
			name = Release;
		};
/* End XCBuildConfiguration section */

/* Begin XCConfigurationList section */
		C96072281BE9D7BD002E99D4 /* Build configuration list for PBXProject "Subdivision" */ = {
			isa = XCConfigurationList;
			buildConfigurations = (
				C96072321BE9D7BD002E99D4 /* Debug */,
				C96072331BE9D7BD002E99D4 /* Release */,
			);
			defaultConfigurationIsVisible = 0;
			defaultConfigurationName = Release;
		};
		C96072341BE9D7BD002E99D4 /* Build configuration list for PBXNativeTarget "Subdivision" */ = {
			isa = XCConfigurationList;
			buildConfigurations = (
				C96072351BE9D7BD002E99D4 /* Debug */,
				C96072361BE9D7BD002E99D4 /* Release */,
			);
			defaultConfigurationIsVisible = 0;
			defaultConfigurationName = Release;
		};
/* End XCConfigurationList section */
	};
	rootObject = C96072251BE9D7BD002E99D4 /* Project object */;
}
